// !$*UTF8*$!
{
	archiveVersion = 1;
	classes = {
	};
	objectVersion = 46;
	objects = {

/* Begin PBXBuildFile section */
		0171CB9D195B9E2F001B8FC1 /* Foundation.framework in Frameworks */ = {isa = PBXBuildFile; fileRef = 0171CB9C195B9E2F001B8FC1 /* Foundation.framework */; };
		0171CB9F195B9E2F001B8FC1 /* CoreGraphics.framework in Frameworks */ = {isa = PBXBuildFile; fileRef = 0171CB9E195B9E2F001B8FC1 /* CoreGraphics.framework */; };
		0171CBA1195B9E2F001B8FC1 /* UIKit.framework in Frameworks */ = {isa = PBXBuildFile; fileRef = 0171CBA0195B9E2F001B8FC1 /* UIKit.framework */; };
		0171CBA7195B9E2F001B8FC1 /* InfoPlist.strings in Resources */ = {isa = PBXBuildFile; fileRef = 0171CBA5195B9E2F001B8FC1 /* InfoPlist.strings */; };
		0171CBA9195B9E2F001B8FC1 /* main.m in Sources */ = {isa = PBXBuildFile; fileRef = 0171CBA8195B9E2F001B8FC1 /* main.m */; };
		0171CBAD195B9E2F001B8FC1 /* AppDelegate.m in Sources */ = {isa = PBXBuildFile; fileRef = 0171CBAC195B9E2F001B8FC1 /* AppDelegate.m */; };
		0171CBAF195B9E2F001B8FC1 /* Images.xcassets in Resources */ = {isa = PBXBuildFile; fileRef = 0171CBAE195B9E2F001B8FC1 /* Images.xcassets */; };
		0171CBB6195B9E2F001B8FC1 /* XCTest.framework in Frameworks */ = {isa = PBXBuildFile; fileRef = 0171CBB5195B9E2F001B8FC1 /* XCTest.framework */; };
		0171CBB7195B9E2F001B8FC1 /* Foundation.framework in Frameworks */ = {isa = PBXBuildFile; fileRef = 0171CB9C195B9E2F001B8FC1 /* Foundation.framework */; };
		0171CBB8195B9E30001B8FC1 /* UIKit.framework in Frameworks */ = {isa = PBXBuildFile; fileRef = 0171CBA0195B9E2F001B8FC1 /* UIKit.framework */; };
		0171CBC0195B9E30001B8FC1 /* InfoPlist.strings in Resources */ = {isa = PBXBuildFile; fileRef = 0171CBBE195B9E30001B8FC1 /* InfoPlist.strings */; };
		0171CBC2195B9E30001B8FC1 /* dbapi4iTests.m in Sources */ = {isa = PBXBuildFile; fileRef = 0171CBC1195B9E30001B8FC1 /* dbapi4iTests.m */; };
		0197FE54196C1C7F00D0AB6A /* DbDatabase.m in Sources */ = {isa = PBXBuildFile; fileRef = 0197FE53196C1C7F00D0AB6A /* DbDatabase.m */; };
/* End PBXBuildFile section */

/* Begin PBXContainerItemProxy section */
		0171CBB9195B9E30001B8FC1 /* PBXContainerItemProxy */ = {
			isa = PBXContainerItemProxy;
			containerPortal = 0171CB91195B9E2F001B8FC1 /* Project object */;
			proxyType = 1;
			remoteGlobalIDString = 0171CB98195B9E2F001B8FC1;
			remoteInfo = dbapi4i;
		};
/* End PBXContainerItemProxy section */

/* Begin PBXFileReference section */
		0171CB99195B9E2F001B8FC1 /* dbapi4i.app */ = {isa = PBXFileReference; explicitFileType = wrapper.application; includeInIndex = 0; path = dbapi4i.app; sourceTree = BUILT_PRODUCTS_DIR; };
		0171CB9C195B9E2F001B8FC1 /* Foundation.framework */ = {isa = PBXFileReference; lastKnownFileType = wrapper.framework; name = Foundation.framework; path = System/Library/Frameworks/Foundation.framework; sourceTree = SDKROOT; };
		0171CB9E195B9E2F001B8FC1 /* CoreGraphics.framework */ = {isa = PBXFileReference; lastKnownFileType = wrapper.framework; name = CoreGraphics.framework; path = System/Library/Frameworks/CoreGraphics.framework; sourceTree = SDKROOT; };
		0171CBA0195B9E2F001B8FC1 /* UIKit.framework */ = {isa = PBXFileReference; lastKnownFileType = wrapper.framework; name = UIKit.framework; path = System/Library/Frameworks/UIKit.framework; sourceTree = SDKROOT; };
		0171CBA4195B9E2F001B8FC1 /* dbapi4i-Info.plist */ = {isa = PBXFileReference; lastKnownFileType = text.plist.xml; path = "dbapi4i-Info.plist"; sourceTree = "<group>"; };
		0171CBA6195B9E2F001B8FC1 /* en */ = {isa = PBXFileReference; lastKnownFileType = text.plist.strings; name = en; path = en.lproj/InfoPlist.strings; sourceTree = "<group>"; };
		0171CBA8195B9E2F001B8FC1 /* main.m */ = {isa = PBXFileReference; lastKnownFileType = sourcecode.c.objc; path = main.m; sourceTree = "<group>"; };
		0171CBAA195B9E2F001B8FC1 /* dbapi4i-Prefix.pch */ = {isa = PBXFileReference; lastKnownFileType = sourcecode.c.h; path = "dbapi4i-Prefix.pch"; sourceTree = "<group>"; };
		0171CBAB195B9E2F001B8FC1 /* AppDelegate.h */ = {isa = PBXFileReference; lastKnownFileType = sourcecode.c.h; path = AppDelegate.h; sourceTree = "<group>"; };
		0171CBAC195B9E2F001B8FC1 /* AppDelegate.m */ = {isa = PBXFileReference; lastKnownFileType = sourcecode.c.objc; path = AppDelegate.m; sourceTree = "<group>"; };
		0171CBAE195B9E2F001B8FC1 /* Images.xcassets */ = {isa = PBXFileReference; lastKnownFileType = folder.assetcatalog; path = Images.xcassets; sourceTree = "<group>"; };
		0171CBB4195B9E2F001B8FC1 /* dbapi4iTests.xctest */ = {isa = PBXFileReference; explicitFileType = wrapper.cfbundle; includeInIndex = 0; path = dbapi4iTests.xctest; sourceTree = BUILT_PRODUCTS_DIR; };
		0171CBB5195B9E2F001B8FC1 /* XCTest.framework */ = {isa = PBXFileReference; lastKnownFileType = wrapper.framework; name = XCTest.framework; path = Library/Frameworks/XCTest.framework; sourceTree = DEVELOPER_DIR; };
		0171CBBD195B9E30001B8FC1 /* dbapi4iTests-Info.plist */ = {isa = PBXFileReference; lastKnownFileType = text.plist.xml; path = "dbapi4iTests-Info.plist"; sourceTree = "<group>"; };
		0171CBBF195B9E30001B8FC1 /* en */ = {isa = PBXFileReference; lastKnownFileType = text.plist.strings; name = en; path = en.lproj/InfoPlist.strings; sourceTree = "<group>"; };
		0171CBC1195B9E30001B8FC1 /* dbapi4iTests.m */ = {isa = PBXFileReference; lastKnownFileType = sourcecode.c.objc; path = dbapi4iTests.m; sourceTree = "<group>"; };
		0197FE52196C1C7F00D0AB6A /* DbDatabase.h */ = {isa = PBXFileReference; fileEncoding = 4; lastKnownFileType = sourcecode.c.h; path = DbDatabase.h; sourceTree = "<group>"; };
		0197FE53196C1C7F00D0AB6A /* DbDatabase.m */ = {isa = PBXFileReference; fileEncoding = 4; lastKnownFileType = sourcecode.c.objc; path = DbDatabase.m; sourceTree = "<group>"; };
/* End PBXFileReference section */

/* Begin PBXFrameworksBuildPhase section */
		0171CB96195B9E2F001B8FC1 /* Frameworks */ = {
			isa = PBXFrameworksBuildPhase;
			buildActionMask = 2147483647;
			files = (
				0171CB9F195B9E2F001B8FC1 /* CoreGraphics.framework in Frameworks */,
				0171CBA1195B9E2F001B8FC1 /* UIKit.framework in Frameworks */,
				0171CB9D195B9E2F001B8FC1 /* Foundation.framework in Frameworks */,
			);
			runOnlyForDeploymentPostprocessing = 0;
		};
		0171CBB1195B9E2F001B8FC1 /* Frameworks */ = {
			isa = PBXFrameworksBuildPhase;
			buildActionMask = 2147483647;
			files = (
				0171CBB6195B9E2F001B8FC1 /* XCTest.framework in Frameworks */,
				0171CBB8195B9E30001B8FC1 /* UIKit.framework in Frameworks */,
				0171CBB7195B9E2F001B8FC1 /* Foundation.framework in Frameworks */,
			);
			runOnlyForDeploymentPostprocessing = 0;
		};
/* End PBXFrameworksBuildPhase section */

/* Begin PBXGroup section */
		0171CB90195B9E2F001B8FC1 = {
			isa = PBXGroup;
			children = (
				019E8D8B195B9FAC00C8D39A /* database */,
				0171CBA2195B9E2F001B8FC1 /* dbapi4i */,
				0171CBBB195B9E30001B8FC1 /* dbapi4iTests */,
				0171CB9B195B9E2F001B8FC1 /* Frameworks */,
				0171CB9A195B9E2F001B8FC1 /* Products */,
			);
			sourceTree = "<group>";
		};
		0171CB9A195B9E2F001B8FC1 /* Products */ = {
			isa = PBXGroup;
			children = (
				0171CB99195B9E2F001B8FC1 /* dbapi4i.app */,
				0171CBB4195B9E2F001B8FC1 /* dbapi4iTests.xctest */,
			);
			name = Products;
			sourceTree = "<group>";
		};
		0171CB9B195B9E2F001B8FC1 /* Frameworks */ = {
			isa = PBXGroup;
			children = (
				0171CB9C195B9E2F001B8FC1 /* Foundation.framework */,
				0171CB9E195B9E2F001B8FC1 /* CoreGraphics.framework */,
				0171CBA0195B9E2F001B8FC1 /* UIKit.framework */,
				0171CBB5195B9E2F001B8FC1 /* XCTest.framework */,
			);
			name = Frameworks;
			sourceTree = "<group>";
		};
		0171CBA2195B9E2F001B8FC1 /* dbapi4i */ = {
			isa = PBXGroup;
			children = (
				0171CBAB195B9E2F001B8FC1 /* AppDelegate.h */,
				0171CBAC195B9E2F001B8FC1 /* AppDelegate.m */,
				0171CBAE195B9E2F001B8FC1 /* Images.xcassets */,
				0171CBA3195B9E2F001B8FC1 /* Supporting Files */,
			);
			path = dbapi4i;
			sourceTree = "<group>";
		};
		0171CBA3195B9E2F001B8FC1 /* Supporting Files */ = {
			isa = PBXGroup;
			children = (
				0171CBA4195B9E2F001B8FC1 /* dbapi4i-Info.plist */,
				0171CBA5195B9E2F001B8FC1 /* InfoPlist.strings */,
				0171CBA8195B9E2F001B8FC1 /* main.m */,
				0171CBAA195B9E2F001B8FC1 /* dbapi4i-Prefix.pch */,
			);
			name = "Supporting Files";
			sourceTree = "<group>";
		};
		0171CBBB195B9E30001B8FC1 /* dbapi4iTests */ = {
			isa = PBXGroup;
			children = (
				0171CBC1195B9E30001B8FC1 /* dbapi4iTests.m */,
				0171CBBC195B9E30001B8FC1 /* Supporting Files */,
			);
			path = dbapi4iTests;
			sourceTree = "<group>";
		};
		0171CBBC195B9E30001B8FC1 /* Supporting Files */ = {
			isa = PBXGroup;
			children = (
				0171CBBD195B9E30001B8FC1 /* dbapi4iTests-Info.plist */,
				0171CBBE195B9E30001B8FC1 /* InfoPlist.strings */,
			);
			name = "Supporting Files";
			sourceTree = "<group>";
		};
		019E8D8B195B9FAC00C8D39A /* database */ = {
			isa = PBXGroup;
			children = (
				0197FE52196C1C7F00D0AB6A /* DbDatabase.h */,
				0197FE53196C1C7F00D0AB6A /* DbDatabase.m */,
			);
			name = database;
			sourceTree = "<group>";
		};
/* End PBXGroup section */

/* Begin PBXNativeTarget section */
		0171CB98195B9E2F001B8FC1 /* dbapi4i */ = {
			isa = PBXNativeTarget;
			buildConfigurationList = 0171CBC5195B9E30001B8FC1 /* Build configuration list for PBXNativeTarget "dbapi4i" */;
			buildPhases = (
				0171CB95195B9E2F001B8FC1 /* Sources */,
				0171CB96195B9E2F001B8FC1 /* Frameworks */,
				0171CB97195B9E2F001B8FC1 /* Resources */,
			);
			buildRules = (
			);
			dependencies = (
			);
			name = dbapi4i;
			productName = dbapi4i;
			productReference = 0171CB99195B9E2F001B8FC1 /* dbapi4i.app */;
			productType = "com.apple.product-type.application";
		};
		0171CBB3195B9E2F001B8FC1 /* dbapi4iTests */ = {
			isa = PBXNativeTarget;
			buildConfigurationList = 0171CBC8195B9E30001B8FC1 /* Build configuration list for PBXNativeTarget "dbapi4iTests" */;
			buildPhases = (
				0171CBB0195B9E2F001B8FC1 /* Sources */,
				0171CBB1195B9E2F001B8FC1 /* Frameworks */,
				0171CBB2195B9E2F001B8FC1 /* Resources */,
			);
			buildRules = (
			);
			dependencies = (
				0171CBBA195B9E30001B8FC1 /* PBXTargetDependency */,
			);
			name = dbapi4iTests;
			productName = dbapi4iTests;
			productReference = 0171CBB4195B9E2F001B8FC1 /* dbapi4iTests.xctest */;
			productType = "com.apple.product-type.bundle.unit-test";
		};
/* End PBXNativeTarget section */

/* Begin PBXProject section */
		0171CB91195B9E2F001B8FC1 /* Project object */ = {
			isa = PBXProject;
			attributes = {
				LastUpgradeCheck = 0510;
				ORGANIZATIONNAME = "Breder Organization";
				TargetAttributes = {
					0171CBB3195B9E2F001B8FC1 = {
						TestTargetID = 0171CB98195B9E2F001B8FC1;
					};
				};
			};
			buildConfigurationList = 0171CB94195B9E2F001B8FC1 /* Build configuration list for PBXProject "dbapi4i" */;
			compatibilityVersion = "Xcode 3.2";
			developmentRegion = English;
			hasScannedForEncodings = 0;
			knownRegions = (
				en,
			);
			mainGroup = 0171CB90195B9E2F001B8FC1;
			productRefGroup = 0171CB9A195B9E2F001B8FC1 /* Products */;
			projectDirPath = "";
			projectRoot = "";
			targets = (
				0171CB98195B9E2F001B8FC1 /* dbapi4i */,
				0171CBB3195B9E2F001B8FC1 /* dbapi4iTests */,
			);
		};
/* End PBXProject section */

/* Begin PBXResourcesBuildPhase section */
		0171CB97195B9E2F001B8FC1 /* Resources */ = {
			isa = PBXResourcesBuildPhase;
			buildActionMask = 2147483647;
			files = (
				0171CBA7195B9E2F001B8FC1 /* InfoPlist.strings in Resources */,
				0171CBAF195B9E2F001B8FC1 /* Images.xcassets in Resources */,
			);
			runOnlyForDeploymentPostprocessing = 0;
		};
		0171CBB2195B9E2F001B8FC1 /* Resources */ = {
			isa = PBXResourcesBuildPhase;
			buildActionMask = 2147483647;
			files = (
				0171CBC0195B9E30001B8FC1 /* InfoPlist.strings in Resources */,
			);
			runOnlyForDeploymentPostprocessing = 0;
		};
/* End PBXResourcesBuildPhase section */

/* Begin PBXSourcesBuildPhase section */
		0171CB95195B9E2F001B8FC1 /* Sources */ = {
			isa = PBXSourcesBuildPhase;
			buildActionMask = 2147483647;
			files = (
				0171CBAD195B9E2F001B8FC1 /* AppDelegate.m in Sources */,
				0171CBA9195B9E2F001B8FC1 /* main.m in Sources */,
				0197FE54196C1C7F00D0AB6A /* DbDatabase.m in Sources */,
			);
			runOnlyForDeploymentPostprocessing = 0;
		};
		0171CBB0195B9E2F001B8FC1 /* Sources */ = {
			isa = PBXSourcesBuildPhase;
			buildActionMask = 2147483647;
			files = (
				0171CBC2195B9E30001B8FC1 /* dbapi4iTests.m in Sources */,
			);
			runOnlyForDeploymentPostprocessing = 0;
		};
/* End PBXSourcesBuildPhase section */

/* Begin PBXTargetDependency section */
		0171CBBA195B9E30001B8FC1 /* PBXTargetDependency */ = {
			isa = PBXTargetDependency;
			target = 0171CB98195B9E2F001B8FC1 /* dbapi4i */;
			targetProxy = 0171CBB9195B9E30001B8FC1 /* PBXContainerItemProxy */;
		};
/* End PBXTargetDependency section */

/* Begin PBXVariantGroup section */
		0171CBA5195B9E2F001B8FC1 /* InfoPlist.strings */ = {
			isa = PBXVariantGroup;
			children = (
				0171CBA6195B9E2F001B8FC1 /* en */,
			);
			name = InfoPlist.strings;
			sourceTree = "<group>";
		};
		0171CBBE195B9E30001B8FC1 /* InfoPlist.strings */ = {
			isa = PBXVariantGroup;
			children = (
				0171CBBF195B9E30001B8FC1 /* en */,
			);
			name = InfoPlist.strings;
			sourceTree = "<group>";
		};
/* End PBXVariantGroup section */

/* Begin XCBuildConfiguration section */
		0171CBC3195B9E30001B8FC1 /* Debug */ = {
			isa = XCBuildConfiguration;
			buildSettings = {
				ALWAYS_SEARCH_USER_PATHS = NO;
				CLANG_CXX_LANGUAGE_STANDARD = "gnu++0x";
				CLANG_CXX_LIBRARY = "libc++";
				CLANG_ENABLE_MODULES = YES;
				CLANG_ENABLE_OBJC_ARC = YES;
				CLANG_WARN_BOOL_CONVERSION = YES;
				CLANG_WARN_CONSTANT_CONVERSION = YES;
				CLANG_WARN_DIRECT_OBJC_ISA_USAGE = YES_ERROR;
				CLANG_WARN_EMPTY_BODY = YES;
				CLANG_WARN_ENUM_CONVERSION = YES;
				CLANG_WARN_INT_CONVERSION = YES;
				CLANG_WARN_OBJC_ROOT_CLASS = YES_ERROR;
				CLANG_WARN__DUPLICATE_METHOD_MATCH = YES;
				"CODE_SIGN_IDENTITY[sdk=iphoneos*]" = "iPhone Developer";
				COPY_PHASE_STRIP = NO;
				GCC_C_LANGUAGE_STANDARD = gnu99;
				GCC_DYNAMIC_NO_PIC = NO;
				GCC_OPTIMIZATION_LEVEL = 0;
				GCC_PREPROCESSOR_DEFINITIONS = (
					"DEBUG=1",
					"$(inherited)",
				);
				GCC_SYMBOLS_PRIVATE_EXTERN = NO;
				GCC_WARN_64_TO_32_BIT_CONVERSION = YES;
				GCC_WARN_ABOUT_RETURN_TYPE = YES_ERROR;
				GCC_WARN_UNDECLARED_SELECTOR = YES;
				GCC_WARN_UNINITIALIZED_AUTOS = YES_AGGRESSIVE;
				GCC_WARN_UNUSED_FUNCTION = YES;
				GCC_WARN_UNUSED_VARIABLE = YES;
				IPHONEOS_DEPLOYMENT_TARGET = 7.1;
				ONLY_ACTIVE_ARCH = YES;
				SDKROOT = iphoneos;
				TARGETED_DEVICE_FAMILY = "1,2";
			};
			name = Debug;
		};
		0171CBC4195B9E30001B8FC1 /* Release */ = {
			isa = XCBuildConfiguration;
			buildSettings = {
				ALWAYS_SEARCH_USER_PATHS = NO;
				CLANG_CXX_LANGUAGE_STANDARD = "gnu++0x";
				CLANG_CXX_LIBRARY = "libc++";
				CLANG_ENABLE_MODULES = YES;
				CLANG_ENABLE_OBJC_ARC = YES;
				CLANG_WARN_BOOL_CONVERSION = YES;
				CLANG_WARN_CONSTANT_CONVERSION = YES;
				CLANG_WARN_DIRECT_OBJC_ISA_USAGE = YES_ERROR;
				CLANG_WARN_EMPTY_BODY = YES;
				CLANG_WARN_ENUM_CONVERSION = YES;
				CLANG_WARN_INT_CONVERSION = YES;
				CLANG_WARN_OBJC_ROOT_CLASS = YES_ERROR;
				CLANG_WARN__DUPLICATE_METHOD_MATCH = YES;
				"CODE_SIGN_IDENTITY[sdk=iphoneos*]" = "iPhone Developer";
				COPY_PHASE_STRIP = YES;
				ENABLE_NS_ASSERTIONS = NO;
				GCC_C_LANGUAGE_STANDARD = gnu99;
				GCC_WARN_64_TO_32_BIT_CONVERSION = YES;
				GCC_WARN_ABOUT_RETURN_TYPE = YES_ERROR;
				GCC_WARN_UNDECLARED_SELECTOR = YES;
				GCC_WARN_UNINITIALIZED_AUTOS = YES_AGGRESSIVE;
				GCC_WARN_UNUSED_FUNCTION = YES;
				GCC_WARN_UNUSED_VARIABLE = YES;
				IPHONEOS_DEPLOYMENT_TARGET = 7.1;
				SDKROOT = iphoneos;
				TARGETED_DEVICE_FAMILY = "1,2";
				VALIDATE_PRODUCT = YES;
			};
			name = Release;
		};
		0171CBC6195B9E30001B8FC1 /* Debug */ = {
			isa = XCBuildConfiguration;
			buildSettings = {
				ASSETCATALOG_COMPILER_APPICON_NAME = AppIcon;
				ASSETCATALOG_COMPILER_LAUNCHIMAGE_NAME = LaunchImage;
				GCC_PRECOMPILE_PREFIX_HEADER = YES;
				GCC_PREFIX_HEADER = "dbapi4i/dbapi4i-Prefix.pch";
				INFOPLIST_FILE = "dbapi4i/dbapi4i-Info.plist";
				PRODUCT_NAME = "$(TARGET_NAME)";
				WRAPPER_EXTENSION = app;
			};
			name = Debug;
		};
		0171CBC7195B9E30001B8FC1 /* Release */ = {
			isa = XCBuildConfiguration;
			buildSettings = {
				ASSETCATALOG_COMPILER_APPICON_NAME = AppIcon;
				ASSETCATALOG_COMPILER_LAUNCHIMAGE_NAME = LaunchImage;
				GCC_PRECOMPILE_PREFIX_HEADER = YES;
				GCC_PREFIX_HEADER = "dbapi4i/dbapi4i-Prefix.pch";
				INFOPLIST_FILE = "dbapi4i/dbapi4i-Info.plist";
				PRODUCT_NAME = "$(TARGET_NAME)";
				WRAPPER_EXTENSION = app;
			};
			name = Release;
		};
		0171CBC9195B9E30001B8FC1 /* Debug */ = {
			isa = XCBuildConfiguration;
			buildSettings = {
				BUNDLE_LOADER = "$(BUILT_PRODUCTS_DIR)/dbapi4i.app/dbapi4i";
				FRAMEWORK_SEARCH_PATHS = (
					"$(SDKROOT)/Developer/Library/Frameworks",
					"$(inherited)",
					"$(DEVELOPER_FRAMEWORKS_DIR)",
				);
				GCC_PRECOMPILE_PREFIX_HEADER = YES;
				GCC_PREFIX_HEADER = "dbapi4i/dbapi4i-Prefix.pch";
				GCC_PREPROCESSOR_DEFINITIONS = (
					"DEBUG=1",
					"$(inherited)",
				);
				INFOPLIST_FILE = "dbapi4iTests/dbapi4iTests-Info.plist";
				PRODUCT_NAME = "$(TARGET_NAME)";
				TEST_HOST = "$(BUNDLE_LOADER)";
				WRAPPER_EXTENSION = xctest;
			};
			name = Debug;
		};
		0171CBCA195B9E30001B8FC1 /* Release */ = {
			isa = XCBuildConfiguration;
			buildSettings = {
				BUNDLE_LOADER = "$(BUILT_PRODUCTS_DIR)/dbapi4i.app/dbapi4i";
				FRAMEWORK_SEARCH_PATHS = (
					"$(SDKROOT)/Developer/Library/Frameworks",
					"$(inherited)",
					"$(DEVELOPER_FRAMEWORKS_DIR)",
				);
				GCC_PRECOMPILE_PREFIX_HEADER = YES;
				GCC_PREFIX_HEADER = "dbapi4i/dbapi4i-Prefix.pch";
				INFOPLIST_FILE = "dbapi4iTests/dbapi4iTests-Info.plist";
				PRODUCT_NAME = "$(TARGET_NAME)";
				TEST_HOST = "$(BUNDLE_LOADER)";
				WRAPPER_EXTENSION = xctest;
			};
			name = Release;
		};
/* End XCBuildConfiguration section */

/* Begin XCConfigurationList section */
		0171CB94195B9E2F001B8FC1 /* Build configuration list for PBXProject "dbapi4i" */ = {
			isa = XCConfigurationList;
			buildConfigurations = (
				0171CBC3195B9E30001B8FC1 /* Debug */,
				0171CBC4195B9E30001B8FC1 /* Release */,
			);
			defaultConfigurationIsVisible = 0;
			defaultConfigurationName = Release;
		};
		0171CBC5195B9E30001B8FC1 /* Build configuration list for PBXNativeTarget "dbapi4i" */ = {
			isa = XCConfigurationList;
			buildConfigurations = (
				0171CBC6195B9E30001B8FC1 /* Debug */,
				0171CBC7195B9E30001B8FC1 /* Release */,
			);
			defaultConfigurationIsVisible = 0;
			defaultConfigurationName = Release;
		};
		0171CBC8195B9E30001B8FC1 /* Build configuration list for PBXNativeTarget "dbapi4iTests" */ = {
			isa = XCConfigurationList;
			buildConfigurations = (
				0171CBC9195B9E30001B8FC1 /* Debug */,
				0171CBCA195B9E30001B8FC1 /* Release */,
			);
			defaultConfigurationIsVisible = 0;
			defaultConfigurationName = Release;
		};
/* End XCConfigurationList section */
	};
	rootObject = 0171CB91195B9E2F001B8FC1 /* Project object */;
}
